
Microsoft Visual Studio Solution File, Format Version 12.00
# Visual Studio Version 16
VisualStudioVersion = 16.0.31605.320
MinimumVisualStudioVersion = 10.0.40219.1
Project("{FAE04EC0-301F-11D3-BF4B-00C04F79EFBC}") = "xadrez-console", "xadrez-console\xadrez-console.csproj", "{1AF1A4A1-6D9B-4596-B4AB-CE50474513FB}"
EndProject
Global
	GlobalSection(SolutionConfigurationPlatforms) = preSolution
		Debug|Any CPU = Debug|Any CPU
		Release|Any CPU = Release|Any CPU
	EndGlobalSection
	GlobalSection(ProjectConfigurationPlatforms) = postSolution
		{1AF1A4A1-6D9B-4596-B4AB-CE50474513FB}.Debug|Any CPU.ActiveCfg = Debug|Any CPU
		{1AF1A4A1-6D9B-4596-B4AB-CE50474513FB}.Debug|Any CPU.Build.0 = Debug|Any CPU
		{1AF1A4A1-6D9B-4596-B4AB-CE50474513FB}.Release|Any CPU.ActiveCfg = Release|Any CPU
		{1AF1A4A1-6D9B-4596-B4AB-CE50474513FB}.Release|Any CPU.Build.0 = Release|Any CPU
	EndGlobalSection
	GlobalSection(SolutionProperties) = preSolution
		HideSolutionNode = FALSE
	EndGlobalSection
	GlobalSection(ExtensibilityGlobals) = postSolution
		SolutionGuid = {D66271FA-87DE-40ED-9454-7F8101377057}
	EndGlobalSection
EndGlobal
